
Microsoft Visual Studio Solution File, Format Version 12.00
# Visual Studio 2013
VisualStudioVersion = 12.0.21005.1
MinimumVisualStudioVersion = 10.0.40219.1
Project("{FAE04EC0-301F-11D3-BF4B-00C04F79EFBC}") = "FunctionsAndFunctionExpressionsJs", "FunctionsAndFunctionExpressionsJs\FunctionsAndFunctionExpressionsJs.csproj", "{AE21F704-255D-4561-816C-4BFBB5BE8775}"
EndProject
Global
	GlobalSection(SolutionConfigurationPlatforms) = preSolution
		Debug|Any CPU = Debug|Any CPU
		Release|Any CPU = Release|Any CPU
	EndGlobalSection
	GlobalSection(ProjectConfigurationPlatforms) = postSolution
		{AE21F704-255D-4561-816C-4BFBB5BE8775}.Debug|Any CPU.ActiveCfg = Debug|Any CPU
		{AE21F704-255D-4561-816C-4BFBB5BE8775}.Debug|Any CPU.Build.0 = Debug|Any CPU
		{AE21F704-255D-4561-816C-4BFBB5BE8775}.Release|Any CPU.ActiveCfg = Release|Any CPU
		{AE21F704-255D-4561-816C-4BFBB5BE8775}.Release|Any CPU.Build.0 = Release|Any CPU
	EndGlobalSection
	GlobalSection(SolutionProperties) = preSolution
		HideSolutionNode = FALSE
	EndGlobalSection
EndGlobal
